
Microsoft Visual Studio Solution File, Format Version 12.00
# Visual Studio Version 17
VisualStudioVersion = 17.3.32825.248
MinimumVisualStudioVersion = 10.0.40219.1
Project("{2150E333-8FDC-42A3-9474-1A3956D46DE8}") = "Layer.Architecture.Application", "Layer.Architecture.Application", "{86CBB425-C8D3-4C47-B6F1-3016676065F4}"
EndProject
Project("{2150E333-8FDC-42A3-9474-1A3956D46DE8}") = "Layer.Architecture.Domain", "Layer.Architecture.Domain", "{DEC31706-D4CD-4FC5-8F3D-E7A0C29531DC}"
EndProject
Project("{2150E333-8FDC-42A3-9474-1A3956D46DE8}") = "Layer.Architecture.Infra.Data", "Layer.Architecture.Infra.Data", "{4128810B-FB92-4EC6-A532-9448EED96426}"
EndProject
Project("{2150E333-8FDC-42A3-9474-1A3956D46DE8}") = "Layer.Architecture.Service", "Layer.Architecture.Service", "{3A93BA15-1C37-4C61-9A1B-A6B237342208}"
EndProject
Project("{9A19103F-16F7-4668-BE54-9A1E7A4F7556}") = "Layer.Architecture.Domain", "Layer.Architecture.Domain\Layer.Architecture.Domain.csproj", "{3BCBF07A-C9A0-4FA7-8227-337231F0D3A1}"
EndProject
Project("{9A19103F-16F7-4668-BE54-9A1E7A4F7556}") = "Layer.Architecture.Infra.Data", "Layer.Architecture.Infra.Data\Layer.Architecture.Infra.Data.csproj", "{E092D5E8-BCA5-48FF-9850-82E4FC6DD47A}"
EndProject
Project("{9A19103F-16F7-4668-BE54-9A1E7A4F7556}") = "Layer.Architecture.Application", "Layer.Architecture.Application\Layer.Architecture.Application.csproj", "{147E7A20-3A1A-4ABF-8A6A-5D8779D0CE80}"
EndProject
Project("{9A19103F-16F7-4668-BE54-9A1E7A4F7556}") = "Layer.Architecture.Service", "Layer.Architecture.Service\Layer.Architecture.Service.csproj", "{89CAC6AD-54F5-4FBB-8E7D-C12BD4531F26}"
EndProject
Global
	GlobalSection(SolutionConfigurationPlatforms) = preSolution
		Debug|Any CPU = Debug|Any CPU
		Release|Any CPU = Release|Any CPU
	EndGlobalSection
	GlobalSection(ProjectConfigurationPlatforms) = postSolution
		{3BCBF07A-C9A0-4FA7-8227-337231F0D3A1}.Debug|Any CPU.ActiveCfg = Debug|Any CPU
		{3BCBF07A-C9A0-4FA7-8227-337231F0D3A1}.Debug|Any CPU.Build.0 = Debug|Any CPU
		{3BCBF07A-C9A0-4FA7-8227-337231F0D3A1}.Release|Any CPU.ActiveCfg = Release|Any CPU
		{3BCBF07A-C9A0-4FA7-8227-337231F0D3A1}.Release|Any CPU.Build.0 = Release|Any CPU
		{E092D5E8-BCA5-48FF-9850-82E4FC6DD47A}.Debug|Any CPU.ActiveCfg = Debug|Any CPU
		{E092D5E8-BCA5-48FF-9850-82E4FC6DD47A}.Debug|Any CPU.Build.0 = Debug|Any CPU
		{E092D5E8-BCA5-48FF-9850-82E4FC6DD47A}.Release|Any CPU.ActiveCfg = Release|Any CPU
		{E092D5E8-BCA5-48FF-9850-82E4FC6DD47A}.Release|Any CPU.Build.0 = Release|Any CPU
		{147E7A20-3A1A-4ABF-8A6A-5D8779D0CE80}.Debug|Any CPU.ActiveCfg = Debug|Any CPU
		{147E7A20-3A1A-4ABF-8A6A-5D8779D0CE80}.Debug|Any CPU.Build.0 = Debug|Any CPU
		{147E7A20-3A1A-4ABF-8A6A-5D8779D0CE80}.Release|Any CPU.ActiveCfg = Release|Any CPU
		{147E7A20-3A1A-4ABF-8A6A-5D8779D0CE80}.Release|Any CPU.Build.0 = Release|Any CPU
		{89CAC6AD-54F5-4FBB-8E7D-C12BD4531F26}.Debug|Any CPU.ActiveCfg = Debug|Any CPU
		{89CAC6AD-54F5-4FBB-8E7D-C12BD4531F26}.Debug|Any CPU.Build.0 = Debug|Any CPU
		{89CAC6AD-54F5-4FBB-8E7D-C12BD4531F26}.Release|Any CPU.ActiveCfg = Release|Any CPU
		{89CAC6AD-54F5-4FBB-8E7D-C12BD4531F26}.Release|Any CPU.Build.0 = Release|Any CPU
	EndGlobalSection
	GlobalSection(SolutionProperties) = preSolution
		HideSolutionNode = FALSE
	EndGlobalSection
	GlobalSection(NestedProjects) = preSolution
		{3BCBF07A-C9A0-4FA7-8227-337231F0D3A1} = {DEC31706-D4CD-4FC5-8F3D-E7A0C29531DC}
		{E092D5E8-BCA5-48FF-9850-82E4FC6DD47A} = {4128810B-FB92-4EC6-A532-9448EED96426}
		{147E7A20-3A1A-4ABF-8A6A-5D8779D0CE80} = {86CBB425-C8D3-4C47-B6F1-3016676065F4}
		{89CAC6AD-54F5-4FBB-8E7D-C12BD4531F26} = {3A93BA15-1C37-4C61-9A1B-A6B237342208}
	EndGlobalSection
	GlobalSection(ExtensibilityGlobals) = postSolution
		SolutionGuid = {E4C332E8-FE3F-4C2C-9970-CBF1C6BE5602}
	EndGlobalSection
EndGlobal
